
Microsoft Visual Studio Solution File, Format Version 12.00
# Visual Studio Version 17
VisualStudioVersion = 17.2.32630.192
MinimumVisualStudioVersion = 10.0.40219.1
Project("{FAE04EC0-301F-11D3-BF4B-00C04F79EFBC}") = "ConsoleApp3", "ConsoleApp3.csproj", "{3332BF11-A86B-4552-87EE-F24701F9A20F}"
EndProject
Global
	GlobalSection(SolutionConfigurationPlatforms) = preSolution
		Debug|Any CPU = Debug|Any CPU
		Release|Any CPU = Release|Any CPU
	EndGlobalSection
	GlobalSection(ProjectConfigurationPlatforms) = postSolution
		{3332BF11-A86B-4552-87EE-F24701F9A20F}.Debug|Any CPU.ActiveCfg = Debug|Any CPU
		{3332BF11-A86B-4552-87EE-F24701F9A20F}.Debug|Any CPU.Build.0 = Debug|Any CPU
		{3332BF11-A86B-4552-87EE-F24701F9A20F}.Release|Any CPU.ActiveCfg = Release|Any CPU
		{3332BF11-A86B-4552-87EE-F24701F9A20F}.Release|Any CPU.Build.0 = Release|Any CPU
	EndGlobalSection
	GlobalSection(SolutionProperties) = preSolution
		HideSolutionNode = FALSE
	EndGlobalSection
	GlobalSection(ExtensibilityGlobals) = postSolution
		SolutionGuid = {AABD6BBF-76C7-40F2-8DF9-364499D6550A}
	EndGlobalSection
EndGlobal
